
Microsoft Visual Studio Solution File, Format Version 12.00
# Visual Studio Version 17
VisualStudioVersion = 17.9.34728.123
MinimumVisualStudioVersion = 10.0.40219.1
Project("{9A19103F-16F7-4668-BE54-9A1E7A4F7556}") = "Exercise_10_1_001", "Exercise_10_1_001\Exercise_10_1_001.csproj", "{8553E5CC-D46A-4097-92FF-256A2C8D5F59}"
EndProject
Project("{2150E333-8FDC-42A3-9474-1A3956D46DE8}") = "Unit_1", "Unit_1", "{BC881D6C-1A4E-4CDD-A54F-63F19A56B538}"
EndProject
Project("{2150E333-8FDC-42A3-9474-1A3956D46DE8}") = "Unit_2", "Unit_2", "{A3F63A81-4BCF-49B0-B0D0-93B5251A6CB4}"
EndProject
Project("{9A19103F-16F7-4668-BE54-9A1E7A4F7556}") = "Exercise_10_2_001", "Exercise_10_2_001\Exercise_10_2_001.csproj", "{0315EB08-6664-4579-8932-977BEDF2FA4F}"
EndProject
Project("{9A19103F-16F7-4668-BE54-9A1E7A4F7556}") = "Exercise_10_2_002", "Exercise_10_2_002\Exercise_10_2_002.csproj", "{73DF499B-0DC3-45F8-AE46-B0A7DE6CDB16}"
EndProject
Project("{9A19103F-16F7-4668-BE54-9A1E7A4F7556}") = "Exercise_10_2_003", "Exercise_10_2_003\Exercise_10_2_003.csproj", "{87135C8C-2E4B-4AE7-A2B0-B9DC0D65B69A}"
EndProject
Project("{9A19103F-16F7-4668-BE54-9A1E7A4F7556}") = "Exercise_10_2_02", "Exercise_10_2_02\Exercise_10_2_02.csproj", "{F6FEF055-2F33-44DA-B36D-F9819F581C41}"
EndProject
Project("{9A19103F-16F7-4668-BE54-9A1E7A4F7556}") = "Exercise_10_2_03", "Exercise_10_2_03\Exercise_10_2_03.csproj", "{96C402A5-C6B1-4ECE-A61A-698F83D8A8DF}"
EndProject
Project("{9A19103F-16F7-4668-BE54-9A1E7A4F7556}") = "Exercise_10_2_04", "Exercise_10_2_04\Exercise_10_2_04.csproj", "{CBAE5FD5-BAF3-47C4-911C-2DA8D3782FC5}"
EndProject
Project("{2150E333-8FDC-42A3-9474-1A3956D46DE8}") = "Unit_3", "Unit_3", "{4430A0A3-9332-425C-BF8C-883A6CFB5B06}"
EndProject
Project("{9A19103F-16F7-4668-BE54-9A1E7A4F7556}") = "Exercise_10_3_01", "Exercise_10_3_01\Exercise_10_3_01.csproj", "{2EB5F49D-01F4-4746-9330-26658BA4E7EE}"
EndProject
Project("{9A19103F-16F7-4668-BE54-9A1E7A4F7556}") = "Exercise_10_3_02", "Exercise_10_3_02\Exercise_10_3_02.csproj", "{908D3A11-6F5A-45A4-BD7F-2527F2B15A2C}"
EndProject
Project("{9A19103F-16F7-4668-BE54-9A1E7A4F7556}") = "Exercise_10_3_03", "Exercise_10_3_03\Exercise_10_3_03.csproj", "{C3EE8CFD-CDB4-41BE-8E44-13FF38322E93}"
EndProject
Project("{2150E333-8FDC-42A3-9474-1A3956D46DE8}") = "Unit_4", "Unit_4", "{DBAAD8A1-1D4F-4A28-87A9-2487A30D548B}"
EndProject
Project("{FAE04EC0-301F-11D3-BF4B-00C04F79EFBC}") = "Exercise_10_4_001", "Exercise_10_4_001\Exercise_10_4_001.csproj", "{06CA6F92-F393-4747-AB22-1C96DC7F66D3}"
EndProject
Project("{FAE04EC0-301F-11D3-BF4B-00C04F79EFBC}") = "Exercise_10_4_002", "Exercise_10_4_002\Exercise_10_4_002.csproj", "{9A63C50E-7C8B-4DDC-A32F-01D27E71BFD1}"
EndProject
Project("{FAE04EC0-301F-11D3-BF4B-00C04F79EFBC}") = "Exercise_10_4_003", "Exercise_10_4_003\Exercise_10_4_003.csproj", "{CCDDCE2A-489C-44CA-A17D-4FD8651505BE}"
EndProject
Project("{FAE04EC0-301F-11D3-BF4B-00C04F79EFBC}") = "Exercise_10_4_004", "Exercise_10_4_004\Exercise_10_4_004.csproj", "{EADE0F5B-9D6B-4E48-BB0B-8BD75CA93672}"
EndProject
Global
	GlobalSection(SolutionConfigurationPlatforms) = preSolution
		Debug|Any CPU = Debug|Any CPU
		Release|Any CPU = Release|Any CPU
	EndGlobalSection
	GlobalSection(ProjectConfigurationPlatforms) = postSolution
		{8553E5CC-D46A-4097-92FF-256A2C8D5F59}.Debug|Any CPU.ActiveCfg = Debug|Any CPU
		{8553E5CC-D46A-4097-92FF-256A2C8D5F59}.Debug|Any CPU.Build.0 = Debug|Any CPU
		{8553E5CC-D46A-4097-92FF-256A2C8D5F59}.Release|Any CPU.ActiveCfg = Release|Any CPU
		{8553E5CC-D46A-4097-92FF-256A2C8D5F59}.Release|Any CPU.Build.0 = Release|Any CPU
		{0315EB08-6664-4579-8932-977BEDF2FA4F}.Debug|Any CPU.ActiveCfg = Debug|Any CPU
		{0315EB08-6664-4579-8932-977BEDF2FA4F}.Debug|Any CPU.Build.0 = Debug|Any CPU
		{0315EB08-6664-4579-8932-977BEDF2FA4F}.Release|Any CPU.ActiveCfg = Release|Any CPU
		{0315EB08-6664-4579-8932-977BEDF2FA4F}.Release|Any CPU.Build.0 = Release|Any CPU
		{73DF499B-0DC3-45F8-AE46-B0A7DE6CDB16}.Debug|Any CPU.ActiveCfg = Debug|Any CPU
		{73DF499B-0DC3-45F8-AE46-B0A7DE6CDB16}.Debug|Any CPU.Build.0 = Debug|Any CPU
		{73DF499B-0DC3-45F8-AE46-B0A7DE6CDB16}.Release|Any CPU.ActiveCfg = Release|Any CPU
		{73DF499B-0DC3-45F8-AE46-B0A7DE6CDB16}.Release|Any CPU.Build.0 = Release|Any CPU
		{87135C8C-2E4B-4AE7-A2B0-B9DC0D65B69A}.Debug|Any CPU.ActiveCfg = Debug|Any CPU
		{87135C8C-2E4B-4AE7-A2B0-B9DC0D65B69A}.Debug|Any CPU.Build.0 = Debug|Any CPU
		{87135C8C-2E4B-4AE7-A2B0-B9DC0D65B69A}.Release|Any CPU.ActiveCfg = Release|Any CPU
		{87135C8C-2E4B-4AE7-A2B0-B9DC0D65B69A}.Release|Any CPU.Build.0 = Release|Any CPU
		{F6FEF055-2F33-44DA-B36D-F9819F581C41}.Debug|Any CPU.ActiveCfg = Debug|Any CPU
		{F6FEF055-2F33-44DA-B36D-F9819F581C41}.Debug|Any CPU.Build.0 = Debug|Any CPU
		{F6FEF055-2F33-44DA-B36D-F9819F581C41}.Release|Any CPU.ActiveCfg = Release|Any CPU
		{F6FEF055-2F33-44DA-B36D-F9819F581C41}.Release|Any CPU.Build.0 = Release|Any CPU
		{96C402A5-C6B1-4ECE-A61A-698F83D8A8DF}.Debug|Any CPU.ActiveCfg = Debug|Any CPU
		{96C402A5-C6B1-4ECE-A61A-698F83D8A8DF}.Debug|Any CPU.Build.0 = Debug|Any CPU
		{96C402A5-C6B1-4ECE-A61A-698F83D8A8DF}.Release|Any CPU.ActiveCfg = Release|Any CPU
		{96C402A5-C6B1-4ECE-A61A-698F83D8A8DF}.Release|Any CPU.Build.0 = Release|Any CPU
		{CBAE5FD5-BAF3-47C4-911C-2DA8D3782FC5}.Debug|Any CPU.ActiveCfg = Debug|Any CPU
		{CBAE5FD5-BAF3-47C4-911C-2DA8D3782FC5}.Debug|Any CPU.Build.0 = Debug|Any CPU
		{CBAE5FD5-BAF3-47C4-911C-2DA8D3782FC5}.Release|Any CPU.ActiveCfg = Release|Any CPU
		{CBAE5FD5-BAF3-47C4-911C-2DA8D3782FC5}.Release|Any CPU.Build.0 = Release|Any CPU
		{2EB5F49D-01F4-4746-9330-26658BA4E7EE}.Debug|Any CPU.ActiveCfg = Debug|Any CPU
		{2EB5F49D-01F4-4746-9330-26658BA4E7EE}.Debug|Any CPU.Build.0 = Debug|Any CPU
		{2EB5F49D-01F4-4746-9330-26658BA4E7EE}.Release|Any CPU.ActiveCfg = Release|Any CPU
		{2EB5F49D-01F4-4746-9330-26658BA4E7EE}.Release|Any CPU.Build.0 = Release|Any CPU
		{908D3A11-6F5A-45A4-BD7F-2527F2B15A2C}.Debug|Any CPU.ActiveCfg = Debug|Any CPU
		{908D3A11-6F5A-45A4-BD7F-2527F2B15A2C}.Debug|Any CPU.Build.0 = Debug|Any CPU
		{908D3A11-6F5A-45A4-BD7F-2527F2B15A2C}.Release|Any CPU.ActiveCfg = Release|Any CPU
		{908D3A11-6F5A-45A4-BD7F-2527F2B15A2C}.Release|Any CPU.Build.0 = Release|Any CPU
		{C3EE8CFD-CDB4-41BE-8E44-13FF38322E93}.Debug|Any CPU.ActiveCfg = Debug|Any CPU
		{C3EE8CFD-CDB4-41BE-8E44-13FF38322E93}.Debug|Any CPU.Build.0 = Debug|Any CPU
		{C3EE8CFD-CDB4-41BE-8E44-13FF38322E93}.Release|Any CPU.ActiveCfg = Release|Any CPU
		{C3EE8CFD-CDB4-41BE-8E44-13FF38322E93}.Release|Any CPU.Build.0 = Release|Any CPU
		{06CA6F92-F393-4747-AB22-1C96DC7F66D3}.Debug|Any CPU.ActiveCfg = Debug|Any CPU
		{06CA6F92-F393-4747-AB22-1C96DC7F66D3}.Debug|Any CPU.Build.0 = Debug|Any CPU
		{06CA6F92-F393-4747-AB22-1C96DC7F66D3}.Release|Any CPU.ActiveCfg = Release|Any CPU
		{06CA6F92-F393-4747-AB22-1C96DC7F66D3}.Release|Any CPU.Build.0 = Release|Any CPU
		{9A63C50E-7C8B-4DDC-A32F-01D27E71BFD1}.Debug|Any CPU.ActiveCfg = Debug|Any CPU
		{9A63C50E-7C8B-4DDC-A32F-01D27E71BFD1}.Debug|Any CPU.Build.0 = Debug|Any CPU
		{9A63C50E-7C8B-4DDC-A32F-01D27E71BFD1}.Release|Any CPU.ActiveCfg = Release|Any CPU
		{9A63C50E-7C8B-4DDC-A32F-01D27E71BFD1}.Release|Any CPU.Build.0 = Release|Any CPU
		{CCDDCE2A-489C-44CA-A17D-4FD8651505BE}.Debug|Any CPU.ActiveCfg = Debug|Any CPU
		{CCDDCE2A-489C-44CA-A17D-4FD8651505BE}.Debug|Any CPU.Build.0 = Debug|Any CPU
		{CCDDCE2A-489C-44CA-A17D-4FD8651505BE}.Release|Any CPU.ActiveCfg = Release|Any CPU
		{CCDDCE2A-489C-44CA-A17D-4FD8651505BE}.Release|Any CPU.Build.0 = Release|Any CPU
		{EADE0F5B-9D6B-4E48-BB0B-8BD75CA93672}.Debug|Any CPU.ActiveCfg = Debug|Any CPU
		{EADE0F5B-9D6B-4E48-BB0B-8BD75CA93672}.Debug|Any CPU.Build.0 = Debug|Any CPU
		{EADE0F5B-9D6B-4E48-BB0B-8BD75CA93672}.Release|Any CPU.ActiveCfg = Release|Any CPU
		{EADE0F5B-9D6B-4E48-BB0B-8BD75CA93672}.Release|Any CPU.Build.0 = Release|Any CPU
	EndGlobalSection
	GlobalSection(SolutionProperties) = preSolution
		HideSolutionNode = FALSE
	EndGlobalSection
	GlobalSection(NestedProjects) = preSolution
		{8553E5CC-D46A-4097-92FF-256A2C8D5F59} = {BC881D6C-1A4E-4CDD-A54F-63F19A56B538}
		{0315EB08-6664-4579-8932-977BEDF2FA4F} = {A3F63A81-4BCF-49B0-B0D0-93B5251A6CB4}
		{73DF499B-0DC3-45F8-AE46-B0A7DE6CDB16} = {A3F63A81-4BCF-49B0-B0D0-93B5251A6CB4}
		{87135C8C-2E4B-4AE7-A2B0-B9DC0D65B69A} = {A3F63A81-4BCF-49B0-B0D0-93B5251A6CB4}
		{F6FEF055-2F33-44DA-B36D-F9819F581C41} = {A3F63A81-4BCF-49B0-B0D0-93B5251A6CB4}
		{96C402A5-C6B1-4ECE-A61A-698F83D8A8DF} = {A3F63A81-4BCF-49B0-B0D0-93B5251A6CB4}
		{CBAE5FD5-BAF3-47C4-911C-2DA8D3782FC5} = {A3F63A81-4BCF-49B0-B0D0-93B5251A6CB4}
		{2EB5F49D-01F4-4746-9330-26658BA4E7EE} = {4430A0A3-9332-425C-BF8C-883A6CFB5B06}
		{908D3A11-6F5A-45A4-BD7F-2527F2B15A2C} = {4430A0A3-9332-425C-BF8C-883A6CFB5B06}
		{C3EE8CFD-CDB4-41BE-8E44-13FF38322E93} = {4430A0A3-9332-425C-BF8C-883A6CFB5B06}
		{06CA6F92-F393-4747-AB22-1C96DC7F66D3} = {DBAAD8A1-1D4F-4A28-87A9-2487A30D548B}
		{9A63C50E-7C8B-4DDC-A32F-01D27E71BFD1} = {DBAAD8A1-1D4F-4A28-87A9-2487A30D548B}
		{CCDDCE2A-489C-44CA-A17D-4FD8651505BE} = {DBAAD8A1-1D4F-4A28-87A9-2487A30D548B}
		{EADE0F5B-9D6B-4E48-BB0B-8BD75CA93672} = {DBAAD8A1-1D4F-4A28-87A9-2487A30D548B}
	EndGlobalSection
	GlobalSection(ExtensibilityGlobals) = postSolution
		SolutionGuid = {FBF20858-27E3-4D28-8F0D-B0FACFDD72C3}
	EndGlobalSection
EndGlobal
